version = 1
revision = 3
requires-python = ">=3.14"

[[package]]
name = "click"
version = "8.2.1"
source = { registry = "https://pypi.org/simple" }
dependencies = [
    { name = "colorama", marker = "sys_platform == 'win32'" },
]
sdist = { url = "https://files.pythonhosted.org/packages/60/6c/8ca2efa64cf75a977a0d7fac081354553ebe483345c734fb6b6515d96bbc/click-8.2.1.tar.gz", hash = "sha256:27c491cc05d968d271d5a1db13e3b5a184636d9d930f148c50b038f0d0646202", size = 286342, upload-time = "2025-05-20T23:19:49.832Z" }
wheels = [
    { url = "https://files.pythonhosted.org/packages/85/32/10bb5764d90a8eee674e9dc6f4db6a0ab47c8c4d0d83c27f7c39ac415a4d/click-8.2.1-py3-none-any.whl", hash = "sha256:61a3265b914e850b85317d0b3109c7f8cd35a670f963866005d6ef1d5175a12b", size = 102215, upload-time = "2025-05-20T23:19:47.796Z" },
]

[[package]]
name = "colorama"
version = "0.4.6"
source = { registry = "https://pypi.org/simple" }
sdist = { url = "https://files.pythonhosted.org/packages/d8/53/6f443c9a4a8358a93a6792e2acffb9d9d5cb0a5cfd8802644b7b1c9a02e4/colorama-0.4.6.tar.gz", hash = "sha256:08695f5cb7ed6e0531a20572697297273c47b8cae5a63ffc6d6ed5c201be6e44", size = 27697, upload-time = "2022-10-25T02:36:22.414Z" }
wheels = [
    { url = "https://files.pythonhosted.org/packages/d1/d6/3965ed04c63042e047cb6a3e6ed1a63a35087b6a609aa3a15ed8ac56c221/colorama-0.4.6-py2.py3-none-any.whl", hash = "sha256:4f1d9991f5acc0ca119f9d443620b77f9d6b33703e51011c16baf57afb285fc6", size = 25335, upload-time = "2022-10-25T02:36:20.889Z" },
]

[[package]]
name = "deepmerge"
version = "2.0"
source = { registry = "https://pypi.org/simple" }
sdist = { url = "https://files.pythonhosted.org/packages/a8/3a/b0ba594708f1ad0bc735884b3ad854d3ca3bdc1d741e56e40bbda6263499/deepmerge-2.0.tar.gz", hash = "sha256:5c3d86081fbebd04dd5de03626a0607b809a98fb6ccba5770b62466fe940ff20", size = 19890, upload-time = "2024-08-30T05:31:50.308Z" }
wheels = [
    { url = "https://files.pythonhosted.org/packages/2d/82/e5d2c1c67d19841e9edc74954c827444ae826978499bde3dfc1d007c8c11/deepmerge-2.0-py3-none-any.whl", hash = "sha256:6de9ce507115cff0bed95ff0ce9ecc31088ef50cbdf09bc90a09349a318b3d00", size = 13475, upload-time = "2024-08-30T05:31:48.659Z" },
]

[[package]]
name = "markdown"
version = "3.9"
source = { registry = "https://pypi.org/simple" }
sdist = { url = "https://files.pythonhosted.org/packages/8d/37/02347f6d6d8279247a5837082ebc26fc0d5aaeaf75aa013fcbb433c777ab/markdown-3.9.tar.gz", hash = "sha256:d2900fe1782bd33bdbbd56859defef70c2e78fc46668f8eb9df3128138f2cb6a", size = 364585, upload-time = "2025-09-04T20:25:22.885Z" }
wheels = [
    { url = "https://files.pythonhosted.org/packages/70/ae/44c4a6a4cbb496d93c6257954260fe3a6e91b7bed2240e5dad2a717f5111/markdown-3.9-py3-none-any.whl", hash = "sha256:9f4d91ed810864ea88a6f32c07ba8bee1346c0cc1f6b1f9f6c822f2a9667d280", size = 107441, upload-time = "2025-09-04T20:25:21.784Z" },
]

[[package]]
name = "neotest-golang"
version = "0.1.0"
source = { virtual = "." }
dependencies = [
    { name = "zensical" },
]

[package.metadata]
requires-dist = [{ name = "zensical" }]

[[package]]
name = "pygments"
version = "2.19.2"
source = { registry = "https://pypi.org/simple" }
sdist = { url = "https://files.pythonhosted.org/packages/b0/77/a5b8c569bf593b0140bde72ea885a803b82086995367bf2037de0159d924/pygments-2.19.2.tar.gz", hash = "sha256:636cb2477cec7f8952536970bc533bc43743542f70392ae026374600add5b887", size = 4968631, upload-time = "2025-06-21T13:39:12.283Z" }
wheels = [
    { url = "https://files.pythonhosted.org/packages/c7/21/705964c7812476f378728bdf590ca4b771ec72385c533964653c68e86bdc/pygments-2.19.2-py3-none-any.whl", hash = "sha256:86540386c03d588bb81d44bc3928634ff26449851e99741617ecb9037ee5ec0b", size = 1225217, upload-time = "2025-06-21T13:39:07.939Z" },
]

[[package]]
name = "pymdown-extensions"
version = "10.16.1"
source = { registry = "https://pypi.org/simple" }
dependencies = [
    { name = "markdown" },
    { name = "pyyaml" },
]
sdist = { url = "https://files.pythonhosted.org/packages/55/b3/6d2b3f149bc5413b0a29761c2c5832d8ce904a1d7f621e86616d96f505cc/pymdown_extensions-10.16.1.tar.gz", hash = "sha256:aace82bcccba3efc03e25d584e6a22d27a8e17caa3f4dd9f207e49b787aa9a91", size = 853277, upload-time = "2025-07-28T16:19:34.167Z" }
wheels = [
    { url = "https://files.pythonhosted.org/packages/e4/06/43084e6cbd4b3bc0e80f6be743b2e79fbc6eed8de9ad8c629939fa55d972/pymdown_extensions-10.16.1-py3-none-any.whl", hash = "sha256:d6ba157a6c03146a7fb122b2b9a121300056384eafeec9c9f9e584adfdb2a32d", size = 266178, upload-time = "2025-07-28T16:19:31.401Z" },
]

[[package]]
name = "pyyaml"
version = "6.0.2"
source = { registry = "https://pypi.org/simple" }
sdist = { url = "https://files.pythonhosted.org/packages/54/ed/79a089b6be93607fa5cdaedf301d7dfb23af5f25c398d5ead2525b063e17/pyyaml-6.0.2.tar.gz", hash = "sha256:d584d9ec91ad65861cc08d42e834324ef890a082e591037abe114850ff7bbc3e", size = 130631, upload-time = "2024-08-06T20:33:50.674Z" }

[[package]]
name = "zensical"
version = "0.0.15"
source = { registry = "https://pypi.org/simple" }
dependencies = [
    { name = "click" },
    { name = "deepmerge" },
    { name = "markdown" },
    { name = "pygments" },
    { name = "pymdown-extensions" },
    { name = "pyyaml" },
]
sdist = { url = "https://files.pythonhosted.org/packages/fd/ad/87b7b591551c74de67b08dcf172532fbb6df6f0e626dce9f220aae293052/zensical-0.0.15.tar.gz", hash = "sha256:b3200c91b30370671c50b8b4aa41c20e55ff2814b9003ee23c9b6f923a0c19be", size = 3816831, upload-time = "2025-12-24T11:15:49.058Z" }
wheels = [
    { url = "https://files.pythonhosted.org/packages/e4/07/ede00d39ff6cff7ab4971d15caa04a6710b126cbf0c8342add0337f4db89/zensical-0.0.15-cp310-abi3-macosx_10_12_x86_64.whl", hash = "sha256:13f205d24baeb4a77d096c3d385a8496850567b45c397cd54dde7c22dcbf0da8", size = 11934661, upload-time = "2025-12-24T11:15:09.019Z" },
    { url = "https://files.pythonhosted.org/packages/d6/32/24449c59f90a6a17dd0d9740ee44f245887d0c177c9c1dc452b9eb812024/zensical-0.0.15-cp310-abi3-macosx_11_0_arm64.whl", hash = "sha256:99702504d38d8f7da4bf9a69513d2f65a0371dcb8f0e9f180c861cb285adb61f", size = 11820384, upload-time = "2025-12-24T11:15:12.265Z" },
    { url = "https://files.pythonhosted.org/packages/ac/db/64fed914788f2f5a8880dcc9a08ce25bcf1a7f2586a09e5d7d61003fd652/zensical-0.0.15-cp310-abi3-manylinux_2_17_aarch64.manylinux2014_aarch64.whl", hash = "sha256:051ea368d268ffebf7ed7b6422f211a57680b2810fcde7f251816eb5c8d2f488", size = 12128961, upload-time = "2025-12-24T11:15:16.178Z" },
    { url = "https://files.pythonhosted.org/packages/59/ca/04fd676880acad9571736e470e1f7bd8e6a2391f09952e69800f1b77fc75/zensical-0.0.15-cp310-abi3-manylinux_2_17_armv7l.manylinux2014_armv7l.whl", hash = "sha256:31a333afaf54d042bb51ac7dc623bd1b3bbe173c0ce4c7b72764cdef143ff4e2", size = 12098586, upload-time = "2025-12-24T11:15:19.452Z" },
    { url = "https://files.pythonhosted.org/packages/8b/02/6a6ecad3b4cb07e11c8d160882cc937f8e3e96868f598c371892f1e594d7/zensical-0.0.15-cp310-abi3-manylinux_2_17_i686.manylinux2014_i686.whl", hash = "sha256:072f80b7346ad4657a4c23008ae5cd3b3511e3bfac8d6bb277cbb6b3c11b6387", size = 12418552, upload-time = "2025-12-24T11:15:23.096Z" },
    { url = "https://files.pythonhosted.org/packages/bb/b7/2a7205dfbeeb8612fbb1e22ad9f770804a07e440b276dcf23cbce3592da4/zensical-0.0.15-cp310-abi3-manylinux_2_17_x86_64.manylinux2014_x86_64.whl", hash = "sha256:ec1b146adb3ee4146a3f800e0a4e6c8e681092d87ac51c60e35e99b68a724b31", size = 12193618, upload-time = "2025-12-24T11:15:26.359Z" },
    { url = "https://files.pythonhosted.org/packages/dc/f4/5f38022d09e668622e49e8b5606bbfb5177d42ab1b4e91706ef0d38e2422/zensical-0.0.15-cp310-abi3-musllinux_1_2_aarch64.whl", hash = "sha256:07a24e11a0e00d14f37d209cc37df446f91908109ca86ab3fe41c0b981e32668", size = 12308805, upload-time = "2025-12-24T11:15:29.602Z" },
    { url = "https://files.pythonhosted.org/packages/48/f2/6dd7657d6e1c1cd4b01ad531cea6a95eb660a2f960b03415d2184720a283/zensical-0.0.15-cp310-abi3-musllinux_1_2_armv7l.whl", hash = "sha256:cc2bc9b4f89863d8b3443b0b9446ccaf5181085c3fc7a7e1bbc4708afe864f7d", size = 12367060, upload-time = "2025-12-24T11:15:32.621Z" },
    { url = "https://files.pythonhosted.org/packages/d3/83/781bdfbf459ec84b085085b142f433541de70d642d665227442a4deb9360/zensical-0.0.15-cp310-abi3-musllinux_1_2_i686.whl", hash = "sha256:a3809be6d5f25bbd69dbe43715a60bf9d0186c51a1ec821e02f106e660e632b4", size = 12493255, upload-time = "2025-12-24T11:15:36.126Z" },
    { url = "https://files.pythonhosted.org/packages/54/10/0440e848658b97467c15c356f9038906fa90ac52b7f969ed1cce5deaf017/zensical-0.0.15-cp310-abi3-musllinux_1_2_x86_64.whl", hash = "sha256:4fd9382db77eff79eb347d4d0b6194c1c285e4151ad104bc9c8f65a27cb71d7f", size = 12430315, upload-time = "2025-12-24T11:15:39.697Z" },
    { url = "https://files.pythonhosted.org/packages/19/d9/50f3e833075e678047cd6e302f731b4b992762d366949124c2eeed6bd96c/zensical-0.0.15-cp310-abi3-win32.whl", hash = "sha256:1d29712dd4659e26b351417534e2ad6364f506514e168ac4c0ed42093b3a9469", size = 11559368, upload-time = "2025-12-24T11:15:42.893Z" },
    { url = "https://files.pythonhosted.org/packages/18/07/cf06fc620dd94b2ffaa3e9df47b174603e0234096fd857b25dcda6c4a538/zensical-0.0.15-cp310-abi3-win_amd64.whl", hash = "sha256:0d0b303ec8a7aec2e733239f21d3602ce29e0eaabe4e4d60c9bcccb5c2d162dc", size = 11740088, upload-time = "2025-12-24T11:15:45.631Z" },
]
