version = 1
revision = 3
requires-python = ">=3.14"

[[package]]
name = "click"
version = "8.2.1"
source = { registry = "https://pypi.org/simple" }
dependencies = [
    { name = "colorama", marker = "sys_platform == 'win32'" },
]
sdist = { url = "https://files.pythonhosted.org/packages/60/6c/8ca2efa64cf75a977a0d7fac081354553ebe483345c734fb6b6515d96bbc/click-8.2.1.tar.gz", hash = "sha256:27c491cc05d968d271d5a1db13e3b5a184636d9d930f148c50b038f0d0646202", size = 286342, upload-time = "2025-05-20T23:19:49.832Z" }
wheels = [
    { url = "https://files.pythonhosted.org/packages/85/32/10bb5764d90a8eee674e9dc6f4db6a0ab47c8c4d0d83c27f7c39ac415a4d/click-8.2.1-py3-none-any.whl", hash = "sha256:61a3265b914e850b85317d0b3109c7f8cd35a670f963866005d6ef1d5175a12b", size = 102215, upload-time = "2025-05-20T23:19:47.796Z" },
]

[[package]]
name = "colorama"
version = "0.4.6"
source = { registry = "https://pypi.org/simple" }
sdist = { url = "https://files.pythonhosted.org/packages/d8/53/6f443c9a4a8358a93a6792e2acffb9d9d5cb0a5cfd8802644b7b1c9a02e4/colorama-0.4.6.tar.gz", hash = "sha256:08695f5cb7ed6e0531a20572697297273c47b8cae5a63ffc6d6ed5c201be6e44", size = 27697, upload-time = "2022-10-25T02:36:22.414Z" }
wheels = [
    { url = "https://files.pythonhosted.org/packages/d1/d6/3965ed04c63042e047cb6a3e6ed1a63a35087b6a609aa3a15ed8ac56c221/colorama-0.4.6-py2.py3-none-any.whl", hash = "sha256:4f1d9991f5acc0ca119f9d443620b77f9d6b33703e51011c16baf57afb285fc6", size = 25335, upload-time = "2022-10-25T02:36:20.889Z" },
]

[[package]]
name = "deepmerge"
version = "2.0"
source = { registry = "https://pypi.org/simple" }
sdist = { url = "https://files.pythonhosted.org/packages/a8/3a/b0ba594708f1ad0bc735884b3ad854d3ca3bdc1d741e56e40bbda6263499/deepmerge-2.0.tar.gz", hash = "sha256:5c3d86081fbebd04dd5de03626a0607b809a98fb6ccba5770b62466fe940ff20", size = 19890, upload-time = "2024-08-30T05:31:50.308Z" }
wheels = [
    { url = "https://files.pythonhosted.org/packages/2d/82/e5d2c1c67d19841e9edc74954c827444ae826978499bde3dfc1d007c8c11/deepmerge-2.0-py3-none-any.whl", hash = "sha256:6de9ce507115cff0bed95ff0ce9ecc31088ef50cbdf09bc90a09349a318b3d00", size = 13475, upload-time = "2024-08-30T05:31:48.659Z" },
]

[[package]]
name = "markdown"
version = "3.9"
source = { registry = "https://pypi.org/simple" }
sdist = { url = "https://files.pythonhosted.org/packages/8d/37/02347f6d6d8279247a5837082ebc26fc0d5aaeaf75aa013fcbb433c777ab/markdown-3.9.tar.gz", hash = "sha256:d2900fe1782bd33bdbbd56859defef70c2e78fc46668f8eb9df3128138f2cb6a", size = 364585, upload-time = "2025-09-04T20:25:22.885Z" }
wheels = [
    { url = "https://files.pythonhosted.org/packages/70/ae/44c4a6a4cbb496d93c6257954260fe3a6e91b7bed2240e5dad2a717f5111/markdown-3.9-py3-none-any.whl", hash = "sha256:9f4d91ed810864ea88a6f32c07ba8bee1346c0cc1f6b1f9f6c822f2a9667d280", size = 107441, upload-time = "2025-09-04T20:25:21.784Z" },
]

[[package]]
name = "neotest-golang"
version = "0.1.0"
source = { virtual = "." }
dependencies = [
    { name = "zensical" },
]

[package.metadata]
requires-dist = [{ name = "zensical" }]

[[package]]
name = "pygments"
version = "2.19.2"
source = { registry = "https://pypi.org/simple" }
sdist = { url = "https://files.pythonhosted.org/packages/b0/77/a5b8c569bf593b0140bde72ea885a803b82086995367bf2037de0159d924/pygments-2.19.2.tar.gz", hash = "sha256:636cb2477cec7f8952536970bc533bc43743542f70392ae026374600add5b887", size = 4968631, upload-time = "2025-06-21T13:39:12.283Z" }
wheels = [
    { url = "https://files.pythonhosted.org/packages/c7/21/705964c7812476f378728bdf590ca4b771ec72385c533964653c68e86bdc/pygments-2.19.2-py3-none-any.whl", hash = "sha256:86540386c03d588bb81d44bc3928634ff26449851e99741617ecb9037ee5ec0b", size = 1225217, upload-time = "2025-06-21T13:39:07.939Z" },
]

[[package]]
name = "pymdown-extensions"
version = "10.16.1"
source = { registry = "https://pypi.org/simple" }
dependencies = [
    { name = "markdown" },
    { name = "pyyaml" },
]
sdist = { url = "https://files.pythonhosted.org/packages/55/b3/6d2b3f149bc5413b0a29761c2c5832d8ce904a1d7f621e86616d96f505cc/pymdown_extensions-10.16.1.tar.gz", hash = "sha256:aace82bcccba3efc03e25d584e6a22d27a8e17caa3f4dd9f207e49b787aa9a91", size = 853277, upload-time = "2025-07-28T16:19:34.167Z" }
wheels = [
    { url = "https://files.pythonhosted.org/packages/e4/06/43084e6cbd4b3bc0e80f6be743b2e79fbc6eed8de9ad8c629939fa55d972/pymdown_extensions-10.16.1-py3-none-any.whl", hash = "sha256:d6ba157a6c03146a7fb122b2b9a121300056384eafeec9c9f9e584adfdb2a32d", size = 266178, upload-time = "2025-07-28T16:19:31.401Z" },
]

[[package]]
name = "pyyaml"
version = "6.0.2"
source = { registry = "https://pypi.org/simple" }
sdist = { url = "https://files.pythonhosted.org/packages/54/ed/79a089b6be93607fa5cdaedf301d7dfb23af5f25c398d5ead2525b063e17/pyyaml-6.0.2.tar.gz", hash = "sha256:d584d9ec91ad65861cc08d42e834324ef890a082e591037abe114850ff7bbc3e", size = 130631, upload-time = "2024-08-06T20:33:50.674Z" }

[[package]]
name = "zensical"
version = "0.0.20"
source = { registry = "https://pypi.org/simple" }
dependencies = [
    { name = "click" },
    { name = "deepmerge" },
    { name = "markdown" },
    { name = "pygments" },
    { name = "pymdown-extensions" },
    { name = "pyyaml" },
]
sdist = { url = "https://files.pythonhosted.org/packages/48/1b/4c6b433251ea07e2c767eaf59957a5d649c2940f82426d587ce14c52763f/zensical-0.0.20.tar.gz", hash = "sha256:95e9e974a68b4eea96a365b3547f399ad22f6906848796e5667288c14bb62549", size = 3819740, upload-time = "2026-01-29T12:39:41.737Z" }
wheels = [
    { url = "https://files.pythonhosted.org/packages/3d/73/658318e67d90b6c0d6cf4159db8d3f8394a814aec79fdc8f075117131c08/zensical-0.0.20-cp310-abi3-macosx_10_12_x86_64.whl", hash = "sha256:9505682567146bd65cc5319622b269ecf3879b61c6d7ee795a7d380ef1c4fcff", size = 12236958, upload-time = "2026-01-29T12:39:11.12Z" },
    { url = "https://files.pythonhosted.org/packages/d7/5c/71493c59896d540bb06e6fb16118e6cc9cadb9552e0bfe2345d12a6e8a23/zensical-0.0.20-cp310-abi3-macosx_11_0_arm64.whl", hash = "sha256:d9df1d75f330a79cd5aa2ca47e67de5b2ae86b0484f324bde6f9247121b56456", size = 12117231, upload-time = "2026-01-29T12:39:14.1Z" },
    { url = "https://files.pythonhosted.org/packages/5c/ca/6417ba455b9add7aa1052808f88a3df4954d28ee194ecdb04619e65dad27/zensical-0.0.20-cp310-abi3-manylinux_2_17_aarch64.manylinux2014_aarch64.whl", hash = "sha256:1affdad25e1b41d195e7f6d951fff3c1f0ba49cbef77176688f803720551830b", size = 12473660, upload-time = "2026-01-29T12:39:16.292Z" },
    { url = "https://files.pythonhosted.org/packages/14/2e/bd187b40aa457c84f7374d923bfaa5148b8be1d4108da9e329b217d6ab91/zensical-0.0.20-cp310-abi3-manylinux_2_17_armv7l.manylinux2014_armv7l.whl", hash = "sha256:5445bfa75e0c6020b7caa8ccb39d196e3ff41d4085f5ba3203136481574a66d9", size = 12412489, upload-time = "2026-01-29T12:39:18.896Z" },
    { url = "https://files.pythonhosted.org/packages/cc/92/bc853f647e07551684a633995b7d8e74a61c50ff32998aec6f6049b54cd1/zensical-0.0.20-cp310-abi3-manylinux_2_17_i686.manylinux2014_i686.whl", hash = "sha256:dfa619e1c2a1e61ab9fddb9ee2da8d7bf7dfbf76cb6cd00f7d1c41eeca1621c6", size = 12748917, upload-time = "2026-01-29T12:39:21.498Z" },
    { url = "https://files.pythonhosted.org/packages/08/08/05c81177fcc2d42f6c3665fdb011eeb6ea255aa80732db365d8d399a07c9/zensical-0.0.20-cp310-abi3-manylinux_2_17_x86_64.manylinux2014_x86_64.whl", hash = "sha256:2c094aac190f26de814c7cb9243c74f1596a42d27bc3eceb837f6084b332815a", size = 12514677, upload-time = "2026-01-29T12:39:25.305Z" },
    { url = "https://files.pythonhosted.org/packages/4b/46/a089130c62c2a427bb1af497b86c87b2b850b4d3a6e000fa8e8699935628/zensical-0.0.20-cp310-abi3-musllinux_1_2_aarch64.whl", hash = "sha256:55a6696265a8f9617a8dca3c29257ac4ec28f3a600118696885b5d4f435ef35e", size = 12648597, upload-time = "2026-01-29T12:39:27.583Z" },
    { url = "https://files.pythonhosted.org/packages/f8/cf/31a5847bd77fb3017ce3ae8c67e40f24732b8ece1f4a4113f1232f69c6c6/zensical-0.0.20-cp310-abi3-musllinux_1_2_armv7l.whl", hash = "sha256:d965999ef4dea5e5aa565737a7972c8c805fcf37b587ae5abf8409a8f885584d", size = 12679996, upload-time = "2026-01-29T12:39:29.761Z" },
    { url = "https://files.pythonhosted.org/packages/84/c9/eef5a9939001037e09b999176cb8557d7fc1b57f4317eecd2bb4797075ec/zensical-0.0.20-cp310-abi3-musllinux_1_2_i686.whl", hash = "sha256:5e584a6871248e234a615552159d430b746366cb8e8fe680cdee536bf00c3c14", size = 12821933, upload-time = "2026-01-29T12:39:32.361Z" },
    { url = "https://files.pythonhosted.org/packages/d7/0e/8ff6659916cb2cc4938647f840e76c4489384cff5ad195d279e529c481ce/zensical-0.0.20-cp310-abi3-musllinux_1_2_x86_64.whl", hash = "sha256:629865390a40c4a0bfc47160d1c2e01909119e8f5e8d072d0bc83c7d02a3aeae", size = 12785164, upload-time = "2026-01-29T12:39:34.528Z" },
    { url = "https://files.pythonhosted.org/packages/de/2a/7984cfdfd28ff30338ec39c3838aaca1b35c2660798952501183e2a31796/zensical-0.0.20-cp310-abi3-win32.whl", hash = "sha256:f52bcb8dc400c7249c6569e146379de93c868fbe89e07f88d602210da4695666", size = 11872515, upload-time = "2026-01-29T12:39:37.518Z" },
    { url = "https://files.pythonhosted.org/packages/e8/f6/b5a7ba86ad12d70bf2a6cb434a1b4739bef8390dd2991d57e346fabbf392/zensical-0.0.20-cp310-abi3-win_amd64.whl", hash = "sha256:8fad1127a0b0b295f485dacb134846bd4467d69ee6c84d07a8c694356d4e17bf", size = 12061331, upload-time = "2026-01-29T12:39:39.688Z" },
]
